
Microsoft Visual Studio Solution File, Format Version 12.00
# Visual Studio Version 16
VisualStudioVersion = 16.0.30204.135
MinimumVisualStudioVersion = 10.0.40219.1
Project("{888888A0-9F3D-457C-B088-3A5042F75D52}") = "starcraft2bot", "starcraft2bot\starcraft2bot.pyproj", "{DE55155D-F914-4B35-B3F9-EE26787C75EA}"
EndProject
Global
	GlobalSection(SolutionConfigurationPlatforms) = preSolution
		Debug|Any CPU = Debug|Any CPU
		Release|Any CPU = Release|Any CPU
	EndGlobalSection
	GlobalSection(ProjectConfigurationPlatforms) = postSolution
		{DE55155D-F914-4B35-B3F9-EE26787C75EA}.Debug|Any CPU.ActiveCfg = Debug|Any CPU
		{DE55155D-F914-4B35-B3F9-EE26787C75EA}.Release|Any CPU.ActiveCfg = Release|Any CPU
	EndGlobalSection
	GlobalSection(SolutionProperties) = preSolution
		HideSolutionNode = FALSE
	EndGlobalSection
	GlobalSection(ExtensibilityGlobals) = postSolution
		SolutionGuid = {4C287C50-3886-44C3-B7CD-408E41521315}
	EndGlobalSection
EndGlobal
